
Microsoft Visual Studio Solution File, Format Version 12.00
# Visual Studio 15
VisualStudioVersion = 15.0.28307.271
MinimumVisualStudioVersion = 10.0.40219.1
Project("{FAE04EC0-301F-11D3-BF4B-00C04F79EFBC}") = "Consumer", "Consumer\Consumer.csproj", "{B55AFF27-D026-4768-82F6-718872269C5D}"
EndProject
Project("{FAE04EC0-301F-11D3-BF4B-00C04F79EFBC}") = "Producer", "Producer\Producer.csproj", "{C72A45FF-553D-49F9-BA37-E23ACB3BF247}"
EndProject
Global
	GlobalSection(SolutionConfigurationPlatforms) = preSolution
		Debug|Any CPU = Debug|Any CPU
		Release|Any CPU = Release|Any CPU
	EndGlobalSection
	GlobalSection(ProjectConfigurationPlatforms) = postSolution
		{B55AFF27-D026-4768-82F6-718872269C5D}.Debug|Any CPU.ActiveCfg = Debug|Any CPU
		{B55AFF27-D026-4768-82F6-718872269C5D}.Debug|Any CPU.Build.0 = Debug|Any CPU
		{B55AFF27-D026-4768-82F6-718872269C5D}.Release|Any CPU.ActiveCfg = Release|Any CPU
		{B55AFF27-D026-4768-82F6-718872269C5D}.Release|Any CPU.Build.0 = Release|Any CPU
		{C72A45FF-553D-49F9-BA37-E23ACB3BF247}.Debug|Any CPU.ActiveCfg = Debug|Any CPU
		{C72A45FF-553D-49F9-BA37-E23ACB3BF247}.Debug|Any CPU.Build.0 = Debug|Any CPU
		{C72A45FF-553D-49F9-BA37-E23ACB3BF247}.Release|Any CPU.ActiveCfg = Release|Any CPU
		{C72A45FF-553D-49F9-BA37-E23ACB3BF247}.Release|Any CPU.Build.0 = Release|Any CPU
	EndGlobalSection
	GlobalSection(SolutionProperties) = preSolution
		HideSolutionNode = FALSE
	EndGlobalSection
	GlobalSection(ExtensibilityGlobals) = postSolution
		SolutionGuid = {C08EB1C4-0C9E-4A28-AAB8-E8F7232D69BE}
	EndGlobalSection
EndGlobal
